// !$*UTF8*$!
{
	archiveVersion = 1;
	classes = {
	};
	objectVersion = 55;
	objects = {

/* Begin PBXBuildFile section */
		02F35D6627E70085008DCD95 /* LoginInfoView.swift in Sources */ = {isa = PBXBuildFile; fileRef = 02F35D6527E70085008DCD95 /* LoginInfoView.swift */; };
		2290EFB5BB9FE6D0F1DE9170 /* Pods_Big_GainzTests.framework in Frameworks */ = {isa = PBXBuildFile; fileRef = 6833E3D4BCB298C97C4E43A2 /* Pods_Big_GainzTests.framework */; };
		4A73887E27CF5F8C00A4353C /* HomePageView.swift in Sources */ = {isa = PBXBuildFile; fileRef = 4A73887D27CF5F8C00A4353C /* HomePageView.swift */; };
		4A8A1EF027F46DC100780376 /* DB_Manager.swift in Sources */ = {isa = PBXBuildFile; fileRef = 4A8A1EEF27F46DC100780376 /* DB_Manager.swift */; };
		4A8A1EF227F476F500780376 /* DB_Tables.swift in Sources */ = {isa = PBXBuildFile; fileRef = 4A8A1EF127F476F500780376 /* DB_Tables.swift */; };
		4AB49F4227CF4E3D00FA2A90 /* Big_GainzApp.swift in Sources */ = {isa = PBXBuildFile; fileRef = 4AB49F4127CF4E3D00FA2A90 /* Big_GainzApp.swift */; };
		4AB49F4427CF4E3D00FA2A90 /* ContentView.swift in Sources */ = {isa = PBXBuildFile; fileRef = 4AB49F4327CF4E3D00FA2A90 /* ContentView.swift */; };
		4AB49F4627CF4E4100FA2A90 /* Assets.xcassets in Resources */ = {isa = PBXBuildFile; fileRef = 4AB49F4527CF4E4100FA2A90 /* Assets.xcassets */; };
		4AB49F4927CF4E4100FA2A90 /* Preview Assets.xcassets in Resources */ = {isa = PBXBuildFile; fileRef = 4AB49F4827CF4E4100FA2A90 /* Preview Assets.xcassets */; };
		4AB49F5327CF4E4100FA2A90 /* Big_GainzTests.swift in Sources */ = {isa = PBXBuildFile; fileRef = 4AB49F5227CF4E4100FA2A90 /* Big_GainzTests.swift */; };
		4AB49F5D27CF4E4100FA2A90 /* Big_GainzUITests.swift in Sources */ = {isa = PBXBuildFile; fileRef = 4AB49F5C27CF4E4100FA2A90 /* Big_GainzUITests.swift */; };
		4AB49F5F27CF4E4100FA2A90 /* Big_GainzUITestsLaunchTests.swift in Sources */ = {isa = PBXBuildFile; fileRef = 4AB49F5E27CF4E4100FA2A90 /* Big_GainzUITestsLaunchTests.swift */; };
		4D54F88A83D9204980CB6582 /* Pods_Big_Gainz.framework in Frameworks */ = {isa = PBXBuildFile; fileRef = 16688E0CE39BFA5F38359B18 /* Pods_Big_Gainz.framework */; };
		B55DF7F727E671730000BC68 /* MainLogView.swift in Sources */ = {isa = PBXBuildFile; fileRef = B55DF7F627E671730000BC68 /* MainLogView.swift */; };
		B55DF7F927E6FCE30000BC68 /* SideMenuView.swift in Sources */ = {isa = PBXBuildFile; fileRef = B55DF7F827E6FCE30000BC68 /* SideMenuView.swift */; };
		B5BC4FB327F95D8100789D48 /* WorkoutLogView.swift in Sources */ = {isa = PBXBuildFile; fileRef = B5BC4FB227F95D8100789D48 /* WorkoutLogView.swift */; };
		BA2ACC857CD0D3579F6E99A2 /* Pods_Big_Gainz_Big_GainzUITests.framework in Frameworks */ = {isa = PBXBuildFile; fileRef = 58B3FBC5A725F61FF0724FBD /* Pods_Big_Gainz_Big_GainzUITests.framework */; };
/* End PBXBuildFile section */

/* Begin PBXContainerItemProxy section */
		4AB49F4F27CF4E4100FA2A90 /* PBXContainerItemProxy */ = {
			isa = PBXContainerItemProxy;
			containerPortal = 4AB49F3627CF4E3D00FA2A90 /* Project object */;
			proxyType = 1;
			remoteGlobalIDString = 4AB49F3D27CF4E3D00FA2A90;
			remoteInfo = "Big Gainz";
		};
		4AB49F5927CF4E4100FA2A90 /* PBXContainerItemProxy */ = {
			isa = PBXContainerItemProxy;
			containerPortal = 4AB49F3627CF4E3D00FA2A90 /* Project object */;
			proxyType = 1;
			remoteGlobalIDString = 4AB49F3D27CF4E3D00FA2A90;
			remoteInfo = "Big Gainz";
		};
/* End PBXContainerItemProxy section */

/* Begin PBXFileReference section */
		02F35D6527E70085008DCD95 /* LoginInfoView.swift */ = {isa = PBXFileReference; lastKnownFileType = sourcecode.swift; path = LoginInfoView.swift; sourceTree = "<group>"; };
		045AF5381153B4316AAB37DB /* Pods-Big Gainz.debug.xcconfig */ = {isa = PBXFileReference; includeInIndex = 1; lastKnownFileType = text.xcconfig; name = "Pods-Big Gainz.debug.xcconfig"; path = "Target Support Files/Pods-Big Gainz/Pods-Big Gainz.debug.xcconfig"; sourceTree = "<group>"; };
		0AABBC10AC75B9C15A92C191 /* Pods-Big GainzTests.release.xcconfig */ = {isa = PBXFileReference; includeInIndex = 1; lastKnownFileType = text.xcconfig; name = "Pods-Big GainzTests.release.xcconfig"; path = "Target Support Files/Pods-Big GainzTests/Pods-Big GainzTests.release.xcconfig"; sourceTree = "<group>"; };
		0F0F9D454E61CA64C24BE9F8 /* Pods-Big Gainz-Big GainzUITests.release.xcconfig */ = {isa = PBXFileReference; includeInIndex = 1; lastKnownFileType = text.xcconfig; name = "Pods-Big Gainz-Big GainzUITests.release.xcconfig"; path = "Target Support Files/Pods-Big Gainz-Big GainzUITests/Pods-Big Gainz-Big GainzUITests.release.xcconfig"; sourceTree = "<group>"; };
		16688E0CE39BFA5F38359B18 /* Pods_Big_Gainz.framework */ = {isa = PBXFileReference; explicitFileType = wrapper.framework; includeInIndex = 0; path = Pods_Big_Gainz.framework; sourceTree = BUILT_PRODUCTS_DIR; };
		4A73887D27CF5F8C00A4353C /* HomePageView.swift */ = {isa = PBXFileReference; lastKnownFileType = sourcecode.swift; path = HomePageView.swift; sourceTree = "<group>"; };
		4A8A1EEF27F46DC100780376 /* DB_Manager.swift */ = {isa = PBXFileReference; lastKnownFileType = sourcecode.swift; path = DB_Manager.swift; sourceTree = "<group>"; };
		4A8A1EF127F476F500780376 /* DB_Tables.swift */ = {isa = PBXFileReference; lastKnownFileType = sourcecode.swift; path = DB_Tables.swift; sourceTree = "<group>"; };
		4AB49F3E27CF4E3D00FA2A90 /* Big Gainz.app */ = {isa = PBXFileReference; explicitFileType = wrapper.application; includeInIndex = 0; path = "Big Gainz.app"; sourceTree = BUILT_PRODUCTS_DIR; };
		4AB49F4127CF4E3D00FA2A90 /* Big_GainzApp.swift */ = {isa = PBXFileReference; lastKnownFileType = sourcecode.swift; path = Big_GainzApp.swift; sourceTree = "<group>"; };
		4AB49F4327CF4E3D00FA2A90 /* ContentView.swift */ = {isa = PBXFileReference; lastKnownFileType = sourcecode.swift; path = ContentView.swift; sourceTree = "<group>"; };
		4AB49F4527CF4E4100FA2A90 /* Assets.xcassets */ = {isa = PBXFileReference; lastKnownFileType = folder.assetcatalog; path = Assets.xcassets; sourceTree = "<group>"; };
		4AB49F4827CF4E4100FA2A90 /* Preview Assets.xcassets */ = {isa = PBXFileReference; lastKnownFileType = folder.assetcatalog; path = "Preview Assets.xcassets"; sourceTree = "<group>"; };
		4AB49F4E27CF4E4100FA2A90 /* Big GainzTests.xctest */ = {isa = PBXFileReference; explicitFileType = wrapper.cfbundle; includeInIndex = 0; path = "Big GainzTests.xctest"; sourceTree = BUILT_PRODUCTS_DIR; };
		4AB49F5227CF4E4100FA2A90 /* Big_GainzTests.swift */ = {isa = PBXFileReference; lastKnownFileType = sourcecode.swift; path = Big_GainzTests.swift; sourceTree = "<group>"; };
		4AB49F5827CF4E4100FA2A90 /* Big GainzUITests.xctest */ = {isa = PBXFileReference; explicitFileType = wrapper.cfbundle; includeInIndex = 0; path = "Big GainzUITests.xctest"; sourceTree = BUILT_PRODUCTS_DIR; };
		4AB49F5C27CF4E4100FA2A90 /* Big_GainzUITests.swift */ = {isa = PBXFileReference; lastKnownFileType = sourcecode.swift; path = Big_GainzUITests.swift; sourceTree = "<group>"; };
		4AB49F5E27CF4E4100FA2A90 /* Big_GainzUITestsLaunchTests.swift */ = {isa = PBXFileReference; lastKnownFileType = sourcecode.swift; path = Big_GainzUITestsLaunchTests.swift; sourceTree = "<group>"; };
		4BCD43B6FF7EC054C9ABEF9B /* Pods-Big GainzTests.debug.xcconfig */ = {isa = PBXFileReference; includeInIndex = 1; lastKnownFileType = text.xcconfig; name = "Pods-Big GainzTests.debug.xcconfig"; path = "Target Support Files/Pods-Big GainzTests/Pods-Big GainzTests.debug.xcconfig"; sourceTree = "<group>"; };
		571A5D0FF6B7086B82E956CE /* Pods-Big Gainz.release.xcconfig */ = {isa = PBXFileReference; includeInIndex = 1; lastKnownFileType = text.xcconfig; name = "Pods-Big Gainz.release.xcconfig"; path = "Target Support Files/Pods-Big Gainz/Pods-Big Gainz.release.xcconfig"; sourceTree = "<group>"; };
		58B3FBC5A725F61FF0724FBD /* Pods_Big_Gainz_Big_GainzUITests.framework */ = {isa = PBXFileReference; explicitFileType = wrapper.framework; includeInIndex = 0; path = Pods_Big_Gainz_Big_GainzUITests.framework; sourceTree = BUILT_PRODUCTS_DIR; };
		6833E3D4BCB298C97C4E43A2 /* Pods_Big_GainzTests.framework */ = {isa = PBXFileReference; explicitFileType = wrapper.framework; includeInIndex = 0; path = Pods_Big_GainzTests.framework; sourceTree = BUILT_PRODUCTS_DIR; };
		AC0C44B629EA8B2BFCF23664 /* Pods-Big Gainz-Big GainzUITests.debug.xcconfig */ = {isa = PBXFileReference; includeInIndex = 1; lastKnownFileType = text.xcconfig; name = "Pods-Big Gainz-Big GainzUITests.debug.xcconfig"; path = "Target Support Files/Pods-Big Gainz-Big GainzUITests/Pods-Big Gainz-Big GainzUITests.debug.xcconfig"; sourceTree = "<group>"; };
		B55DF7F627E671730000BC68 /* MainLogView.swift */ = {isa = PBXFileReference; lastKnownFileType = sourcecode.swift; path = MainLogView.swift; sourceTree = "<group>"; };
		B55DF7F827E6FCE30000BC68 /* SideMenuView.swift */ = {isa = PBXFileReference; lastKnownFileType = sourcecode.swift; path = SideMenuView.swift; sourceTree = "<group>"; };
		B5BC4FB227F95D8100789D48 /* WorkoutLogView.swift */ = {isa = PBXFileReference; lastKnownFileType = sourcecode.swift; path = WorkoutLogView.swift; sourceTree = "<group>"; };
/* End PBXFileReference section */

/* Begin PBXFrameworksBuildPhase section */
		4AB49F3B27CF4E3D00FA2A90 /* Frameworks */ = {
			isa = PBXFrameworksBuildPhase;
			buildActionMask = 2147483647;
			files = (
				4D54F88A83D9204980CB6582 /* Pods_Big_Gainz.framework in Frameworks */,
			);
			runOnlyForDeploymentPostprocessing = 0;
		};
		4AB49F4B27CF4E4100FA2A90 /* Frameworks */ = {
			isa = PBXFrameworksBuildPhase;
			buildActionMask = 2147483647;
			files = (
				2290EFB5BB9FE6D0F1DE9170 /* Pods_Big_GainzTests.framework in Frameworks */,
			);
			runOnlyForDeploymentPostprocessing = 0;
		};
		4AB49F5527CF4E4100FA2A90 /* Frameworks */ = {
			isa = PBXFrameworksBuildPhase;
			buildActionMask = 2147483647;
			files = (
				BA2ACC857CD0D3579F6E99A2 /* Pods_Big_Gainz_Big_GainzUITests.framework in Frameworks */,
			);
			runOnlyForDeploymentPostprocessing = 0;
		};
/* End PBXFrameworksBuildPhase section */

/* Begin PBXGroup section */
		099169AED4ED713B7DCFF41C /* Pods */ = {
			isa = PBXGroup;
			children = (
				045AF5381153B4316AAB37DB /* Pods-Big Gainz.debug.xcconfig */,
				571A5D0FF6B7086B82E956CE /* Pods-Big Gainz.release.xcconfig */,
				AC0C44B629EA8B2BFCF23664 /* Pods-Big Gainz-Big GainzUITests.debug.xcconfig */,
				0F0F9D454E61CA64C24BE9F8 /* Pods-Big Gainz-Big GainzUITests.release.xcconfig */,
				4BCD43B6FF7EC054C9ABEF9B /* Pods-Big GainzTests.debug.xcconfig */,
				0AABBC10AC75B9C15A92C191 /* Pods-Big GainzTests.release.xcconfig */,
			);
			path = Pods;
			sourceTree = "<group>";
		};
		3FA53591D98E412F7E398AEE /* Frameworks */ = {
			isa = PBXGroup;
			children = (
				16688E0CE39BFA5F38359B18 /* Pods_Big_Gainz.framework */,
				58B3FBC5A725F61FF0724FBD /* Pods_Big_Gainz_Big_GainzUITests.framework */,
				6833E3D4BCB298C97C4E43A2 /* Pods_Big_GainzTests.framework */,
			);
			name = Frameworks;
			sourceTree = "<group>";
		};
		4AB49F3527CF4E3D00FA2A90 = {
			isa = PBXGroup;
			children = (
				4AB49F4027CF4E3D00FA2A90 /* Big Gainz */,
				4AB49F5127CF4E4100FA2A90 /* Big GainzTests */,
				4AB49F5B27CF4E4100FA2A90 /* Big GainzUITests */,
				4AB49F3F27CF4E3D00FA2A90 /* Products */,
				099169AED4ED713B7DCFF41C /* Pods */,
				3FA53591D98E412F7E398AEE /* Frameworks */,
			);
			sourceTree = "<group>";
		};
		4AB49F3F27CF4E3D00FA2A90 /* Products */ = {
			isa = PBXGroup;
			children = (
				4AB49F3E27CF4E3D00FA2A90 /* Big Gainz.app */,
				4AB49F4E27CF4E4100FA2A90 /* Big GainzTests.xctest */,
				4AB49F5827CF4E4100FA2A90 /* Big GainzUITests.xctest */,
			);
			name = Products;
			sourceTree = "<group>";
		};
		4AB49F4027CF4E3D00FA2A90 /* Big Gainz */ = {
			isa = PBXGroup;
			children = (
				4AB49F4127CF4E3D00FA2A90 /* Big_GainzApp.swift */,
				4AB49F4327CF4E3D00FA2A90 /* ContentView.swift */,
				4A73887D27CF5F8C00A4353C /* HomePageView.swift */,
				4A8A1EF127F476F500780376 /* DB_Tables.swift */,
				02F35D6527E70085008DCD95 /* LoginInfoView.swift */,
				4A8A1EEF27F46DC100780376 /* DB_Manager.swift */,
				B55DF7F627E671730000BC68 /* MainLogView.swift */,
				B55DF7F827E6FCE30000BC68 /* SideMenuView.swift */,
				B5BC4FB227F95D8100789D48 /* WorkoutLogView.swift */,
				4AB49F4527CF4E4100FA2A90 /* Assets.xcassets */,
				4AB49F4727CF4E4100FA2A90 /* Preview Content */,
			);
			path = "Big Gainz";
			sourceTree = "<group>";
		};
		4AB49F4727CF4E4100FA2A90 /* Preview Content */ = {
			isa = PBXGroup;
			children = (
				4AB49F4827CF4E4100FA2A90 /* Preview Assets.xcassets */,
			);
			path = "Preview Content";
			sourceTree = "<group>";
		};
		4AB49F5127CF4E4100FA2A90 /* Big GainzTests */ = {
			isa = PBXGroup;
			children = (
				4AB49F5227CF4E4100FA2A90 /* Big_GainzTests.swift */,
			);
			path = "Big GainzTests";
			sourceTree = "<group>";
		};
		4AB49F5B27CF4E4100FA2A90 /* Big GainzUITests */ = {
			isa = PBXGroup;
			children = (
				4AB49F5C27CF4E4100FA2A90 /* Big_GainzUITests.swift */,
				4AB49F5E27CF4E4100FA2A90 /* Big_GainzUITestsLaunchTests.swift */,
			);
			path = "Big GainzUITests";
			sourceTree = "<group>";
		};
/* End PBXGroup section */

/* Begin PBXNativeTarget section */
		4AB49F3D27CF4E3D00FA2A90 /* Big Gainz */ = {
			isa = PBXNativeTarget;
			buildConfigurationList = 4AB49F6227CF4E4100FA2A90 /* Build configuration list for PBXNativeTarget "Big Gainz" */;
			buildPhases = (
				0FCFDC9434AAB72EEDC48C6F /* [CP] Check Pods Manifest.lock */,
				4AB49F3A27CF4E3D00FA2A90 /* Sources */,
				4AB49F3B27CF4E3D00FA2A90 /* Frameworks */,
				4AB49F3C27CF4E3D00FA2A90 /* Resources */,
				C5EC9BEBB14F0001261D617B /* [CP] Embed Pods Frameworks */,
			);
			buildRules = (
			);
			dependencies = (
			);
			name = "Big Gainz";
			productName = "Big Gainz";
			productReference = 4AB49F3E27CF4E3D00FA2A90 /* Big Gainz.app */;
			productType = "com.apple.product-type.application";
		};
		4AB49F4D27CF4E4100FA2A90 /* Big GainzTests */ = {
			isa = PBXNativeTarget;
			buildConfigurationList = 4AB49F6527CF4E4100FA2A90 /* Build configuration list for PBXNativeTarget "Big GainzTests" */;
			buildPhases = (
				0479A8F6967C6ED5B4354629 /* [CP] Check Pods Manifest.lock */,
				4AB49F4A27CF4E4100FA2A90 /* Sources */,
				4AB49F4B27CF4E4100FA2A90 /* Frameworks */,
				4AB49F4C27CF4E4100FA2A90 /* Resources */,
			);
			buildRules = (
			);
			dependencies = (
				4AB49F5027CF4E4100FA2A90 /* PBXTargetDependency */,
			);
			name = "Big GainzTests";
			productName = "Big GainzTests";
			productReference = 4AB49F4E27CF4E4100FA2A90 /* Big GainzTests.xctest */;
			productType = "com.apple.product-type.bundle.unit-test";
		};
		4AB49F5727CF4E4100FA2A90 /* Big GainzUITests */ = {
			isa = PBXNativeTarget;
			buildConfigurationList = 4AB49F6827CF4E4100FA2A90 /* Build configuration list for PBXNativeTarget "Big GainzUITests" */;
			buildPhases = (
				64028B15F42A6BAF6545ADC2 /* [CP] Check Pods Manifest.lock */,
				4AB49F5427CF4E4100FA2A90 /* Sources */,
				4AB49F5527CF4E4100FA2A90 /* Frameworks */,
				4AB49F5627CF4E4100FA2A90 /* Resources */,
				B3F6C27F7F8C0889C4464EFC /* [CP] Embed Pods Frameworks */,
			);
			buildRules = (
			);
			dependencies = (
				4AB49F5A27CF4E4100FA2A90 /* PBXTargetDependency */,
			);
			name = "Big GainzUITests";
			productName = "Big GainzUITests";
			productReference = 4AB49F5827CF4E4100FA2A90 /* Big GainzUITests.xctest */;
			productType = "com.apple.product-type.bundle.ui-testing";
		};
/* End PBXNativeTarget section */

/* Begin PBXProject section */
		4AB49F3627CF4E3D00FA2A90 /* Project object */ = {
			isa = PBXProject;
			attributes = {
				BuildIndependentTargetsInParallel = 1;
				LastSwiftUpdateCheck = 1320;
				LastUpgradeCheck = 1320;
				TargetAttributes = {
					4AB49F3D27CF4E3D00FA2A90 = {
						CreatedOnToolsVersion = 13.2.1;
					};
					4AB49F4D27CF4E4100FA2A90 = {
						CreatedOnToolsVersion = 13.2.1;
						TestTargetID = 4AB49F3D27CF4E3D00FA2A90;
					};
					4AB49F5727CF4E4100FA2A90 = {
						CreatedOnToolsVersion = 13.2.1;
						TestTargetID = 4AB49F3D27CF4E3D00FA2A90;
					};
				};
			};
			buildConfigurationList = 4AB49F3927CF4E3D00FA2A90 /* Build configuration list for PBXProject "Big Gainz" */;
			compatibilityVersion = "Xcode 13.0";
			developmentRegion = en;
			hasScannedForEncodings = 0;
			knownRegions = (
				en,
				Base,
			);
			mainGroup = 4AB49F3527CF4E3D00FA2A90;
			productRefGroup = 4AB49F3F27CF4E3D00FA2A90 /* Products */;
			projectDirPath = "";
			projectRoot = "";
			targets = (
				4AB49F3D27CF4E3D00FA2A90 /* Big Gainz */,
				4AB49F4D27CF4E4100FA2A90 /* Big GainzTests */,
				4AB49F5727CF4E4100FA2A90 /* Big GainzUITests */,
			);
		};
/* End PBXProject section */

/* Begin PBXResourcesBuildPhase section */
		4AB49F3C27CF4E3D00FA2A90 /* Resources */ = {
			isa = PBXResourcesBuildPhase;
			buildActionMask = 2147483647;
			files = (
				4AB49F4927CF4E4100FA2A90 /* Preview Assets.xcassets in Resources */,
				4AB49F4627CF4E4100FA2A90 /* Assets.xcassets in Resources */,
			);
			runOnlyForDeploymentPostprocessing = 0;
		};
		4AB49F4C27CF4E4100FA2A90 /* Resources */ = {
			isa = PBXResourcesBuildPhase;
			buildActionMask = 2147483647;
			files = (
			);
			runOnlyForDeploymentPostprocessing = 0;
		};
		4AB49F5627CF4E4100FA2A90 /* Resources */ = {
			isa = PBXResourcesBuildPhase;
			buildActionMask = 2147483647;
			files = (
			);
			runOnlyForDeploymentPostprocessing = 0;
		};
/* End PBXResourcesBuildPhase section */

/* Begin PBXShellScriptBuildPhase section */
		0479A8F6967C6ED5B4354629 /* [CP] Check Pods Manifest.lock */ = {
			isa = PBXShellScriptBuildPhase;
			buildActionMask = 2147483647;
			files = (
			);
			inputFileListPaths = (
			);
			inputPaths = (
				"${PODS_PODFILE_DIR_PATH}/Podfile.lock",
				"${PODS_ROOT}/Manifest.lock",
			);
			name = "[CP] Check Pods Manifest.lock";
			outputFileListPaths = (
			);
			outputPaths = (
				"$(DERIVED_FILE_DIR)/Pods-Big GainzTests-checkManifestLockResult.txt",
			);
			runOnlyForDeploymentPostprocessing = 0;
			shellPath = /bin/sh;
			shellScript = "diff \"${PODS_PODFILE_DIR_PATH}/Podfile.lock\" \"${PODS_ROOT}/Manifest.lock\" > /dev/null\nif [ $? != 0 ] ; then\n    # print error to STDERR\n    echo \"error: The sandbox is not in sync with the Podfile.lock. Run 'pod install' or update your CocoaPods installation.\" >&2\n    exit 1\nfi\n# This output is used by Xcode 'outputs' to avoid re-running this script phase.\necho \"SUCCESS\" > \"${SCRIPT_OUTPUT_FILE_0}\"\n";
			showEnvVarsInLog = 0;
		};
		0FCFDC9434AAB72EEDC48C6F /* [CP] Check Pods Manifest.lock */ = {
			isa = PBXShellScriptBuildPhase;
			buildActionMask = 2147483647;
			files = (
			);
			inputFileListPaths = (
			);
			inputPaths = (
				"${PODS_PODFILE_DIR_PATH}/Podfile.lock",
				"${PODS_ROOT}/Manifest.lock",
			);
			name = "[CP] Check Pods Manifest.lock";
			outputFileListPaths = (
			);
			outputPaths = (
				"$(DERIVED_FILE_DIR)/Pods-Big Gainz-checkManifestLockResult.txt",
			);
			runOnlyForDeploymentPostprocessing = 0;
			shellPath = /bin/sh;
			shellScript = "diff \"${PODS_PODFILE_DIR_PATH}/Podfile.lock\" \"${PODS_ROOT}/Manifest.lock\" > /dev/null\nif [ $? != 0 ] ; then\n    # print error to STDERR\n    echo \"error: The sandbox is not in sync with the Podfile.lock. Run 'pod install' or update your CocoaPods installation.\" >&2\n    exit 1\nfi\n# This output is used by Xcode 'outputs' to avoid re-running this script phase.\necho \"SUCCESS\" > \"${SCRIPT_OUTPUT_FILE_0}\"\n";
			showEnvVarsInLog = 0;
		};
		64028B15F42A6BAF6545ADC2 /* [CP] Check Pods Manifest.lock */ = {
			isa = PBXShellScriptBuildPhase;
			buildActionMask = 2147483647;
			files = (
			);
			inputFileListPaths = (
			);
			inputPaths = (
				"${PODS_PODFILE_DIR_PATH}/Podfile.lock",
				"${PODS_ROOT}/Manifest.lock",
			);
			name = "[CP] Check Pods Manifest.lock";
			outputFileListPaths = (
			);
			outputPaths = (
				"$(DERIVED_FILE_DIR)/Pods-Big Gainz-Big GainzUITests-checkManifestLockResult.txt",
			);
			runOnlyForDeploymentPostprocessing = 0;
			shellPath = /bin/sh;
			shellScript = "diff \"${PODS_PODFILE_DIR_PATH}/Podfile.lock\" \"${PODS_ROOT}/Manifest.lock\" > /dev/null\nif [ $? != 0 ] ; then\n    # print error to STDERR\n    echo \"error: The sandbox is not in sync with the Podfile.lock. Run 'pod install' or update your CocoaPods installation.\" >&2\n    exit 1\nfi\n# This output is used by Xcode 'outputs' to avoid re-running this script phase.\necho \"SUCCESS\" > \"${SCRIPT_OUTPUT_FILE_0}\"\n";
			showEnvVarsInLog = 0;
		};
		B3F6C27F7F8C0889C4464EFC /* [CP] Embed Pods Frameworks */ = {
			isa = PBXShellScriptBuildPhase;
			buildActionMask = 2147483647;
			files = (
			);
			inputFileListPaths = (
				"${PODS_ROOT}/Target Support Files/Pods-Big Gainz-Big GainzUITests/Pods-Big Gainz-Big GainzUITests-frameworks-${CONFIGURATION}-input-files.xcfilelist",
			);
			name = "[CP] Embed Pods Frameworks";
			outputFileListPaths = (
				"${PODS_ROOT}/Target Support Files/Pods-Big Gainz-Big GainzUITests/Pods-Big Gainz-Big GainzUITests-frameworks-${CONFIGURATION}-output-files.xcfilelist",
			);
			runOnlyForDeploymentPostprocessing = 0;
			shellPath = /bin/sh;
			shellScript = "\"${PODS_ROOT}/Target Support Files/Pods-Big Gainz-Big GainzUITests/Pods-Big Gainz-Big GainzUITests-frameworks.sh\"\n";
			showEnvVarsInLog = 0;
		};
		C5EC9BEBB14F0001261D617B /* [CP] Embed Pods Frameworks */ = {
			isa = PBXShellScriptBuildPhase;
			buildActionMask = 2147483647;
			files = (
			);
			inputFileListPaths = (
				"${PODS_ROOT}/Target Support Files/Pods-Big Gainz/Pods-Big Gainz-frameworks-${CONFIGURATION}-input-files.xcfilelist",
			);
			name = "[CP] Embed Pods Frameworks";
			outputFileListPaths = (
				"${PODS_ROOT}/Target Support Files/Pods-Big Gainz/Pods-Big Gainz-frameworks-${CONFIGURATION}-output-files.xcfilelist",
			);
			runOnlyForDeploymentPostprocessing = 0;
			shellPath = /bin/sh;
			shellScript = "\"${PODS_ROOT}/Target Support Files/Pods-Big Gainz/Pods-Big Gainz-frameworks.sh\"\n";
			showEnvVarsInLog = 0;
		};
/* End PBXShellScriptBuildPhase section */

/* Begin PBXSourcesBuildPhase section */
		4AB49F3A27CF4E3D00FA2A90 /* Sources */ = {
			isa = PBXSourcesBuildPhase;
			buildActionMask = 2147483647;
			files = (
				4AB49F4427CF4E3D00FA2A90 /* ContentView.swift in Sources */,
				4A8A1EF227F476F500780376 /* DB_Tables.swift in Sources */,
				02F35D6627E70085008DCD95 /* LoginInfoView.swift in Sources */,
				4A8A1EF027F46DC100780376 /* DB_Manager.swift in Sources */,
				4A73887E27CF5F8C00A4353C /* HomePageView.swift in Sources */,
				B55DF7F927E6FCE30000BC68 /* SideMenuView.swift in Sources */,
				B5BC4FB327F95D8100789D48 /* WorkoutLogView.swift in Sources */,
				4AB49F4227CF4E3D00FA2A90 /* Big_GainzApp.swift in Sources */,
				B55DF7F727E671730000BC68 /* MainLogView.swift in Sources */,
			);
			runOnlyForDeploymentPostprocessing = 0;
		};
		4AB49F4A27CF4E4100FA2A90 /* Sources */ = {
			isa = PBXSourcesBuildPhase;
			buildActionMask = 2147483647;
			files = (
				4AB49F5327CF4E4100FA2A90 /* Big_GainzTests.swift in Sources */,
			);
			runOnlyForDeploymentPostprocessing = 0;
		};
		4AB49F5427CF4E4100FA2A90 /* Sources */ = {
			isa = PBXSourcesBuildPhase;
			buildActionMask = 2147483647;
			files = (
				4AB49F5D27CF4E4100FA2A90 /* Big_GainzUITests.swift in Sources */,
				4AB49F5F27CF4E4100FA2A90 /* Big_GainzUITestsLaunchTests.swift in Sources */,
			);
			runOnlyForDeploymentPostprocessing = 0;
		};
/* End PBXSourcesBuildPhase section */

/* Begin PBXTargetDependency section */
		4AB49F5027CF4E4100FA2A90 /* PBXTargetDependency */ = {
			isa = PBXTargetDependency;
			target = 4AB49F3D27CF4E3D00FA2A90 /* Big Gainz */;
			targetProxy = 4AB49F4F27CF4E4100FA2A90 /* PBXContainerItemProxy */;
		};
		4AB49F5A27CF4E4100FA2A90 /* PBXTargetDependency */ = {
			isa = PBXTargetDependency;
			target = 4AB49F3D27CF4E3D00FA2A90 /* Big Gainz */;
			targetProxy = 4AB49F5927CF4E4100FA2A90 /* PBXContainerItemProxy */;
		};
/* End PBXTargetDependency section */

/* Begin XCBuildConfiguration section */
		4AB49F6027CF4E4100FA2A90 /* Debug */ = {
			isa = XCBuildConfiguration;
			buildSettings = {
				ALWAYS_SEARCH_USER_PATHS = NO;
				CLANG_ANALYZER_NONNULL = YES;
				CLANG_ANALYZER_NUMBER_OBJECT_CONVERSION = YES_AGGRESSIVE;
				CLANG_CXX_LANGUAGE_STANDARD = "gnu++17";
				CLANG_CXX_LIBRARY = "libc++";
				CLANG_ENABLE_MODULES = YES;
				CLANG_ENABLE_OBJC_ARC = YES;
				CLANG_ENABLE_OBJC_WEAK = YES;
				CLANG_WARN_BLOCK_CAPTURE_AUTORELEASING = YES;
				CLANG_WARN_BOOL_CONVERSION = YES;
				CLANG_WARN_COMMA = YES;
				CLANG_WARN_CONSTANT_CONVERSION = YES;
				CLANG_WARN_DEPRECATED_OBJC_IMPLEMENTATIONS = YES;
				CLANG_WARN_DIRECT_OBJC_ISA_USAGE = YES_ERROR;
				CLANG_WARN_DOCUMENTATION_COMMENTS = YES;
				CLANG_WARN_EMPTY_BODY = YES;
				CLANG_WARN_ENUM_CONVERSION = YES;
				CLANG_WARN_INFINITE_RECURSION = YES;
				CLANG_WARN_INT_CONVERSION = YES;
				CLANG_WARN_NON_LITERAL_NULL_CONVERSION = YES;
				CLANG_WARN_OBJC_IMPLICIT_RETAIN_SELF = YES;
				CLANG_WARN_OBJC_LITERAL_CONVERSION = YES;
				CLANG_WARN_OBJC_ROOT_CLASS = YES_ERROR;
				CLANG_WARN_QUOTED_INCLUDE_IN_FRAMEWORK_HEADER = YES;
				CLANG_WARN_RANGE_LOOP_ANALYSIS = YES;
				CLANG_WARN_STRICT_PROTOTYPES = YES;
				CLANG_WARN_SUSPICIOUS_MOVE = YES;
				CLANG_WARN_UNGUARDED_AVAILABILITY = YES_AGGRESSIVE;
				CLANG_WARN_UNREACHABLE_CODE = YES;
				CLANG_WARN__DUPLICATE_METHOD_MATCH = YES;
				COPY_PHASE_STRIP = NO;
				DEBUG_INFORMATION_FORMAT = dwarf;
				ENABLE_STRICT_OBJC_MSGSEND = YES;
				ENABLE_TESTABILITY = YES;
				GCC_C_LANGUAGE_STANDARD = gnu11;
				GCC_DYNAMIC_NO_PIC = NO;
				GCC_NO_COMMON_BLOCKS = YES;
				GCC_OPTIMIZATION_LEVEL = 0;
				GCC_PREPROCESSOR_DEFINITIONS = (
					"DEBUG=1",
					"$(inherited)",
				);
				GCC_WARN_64_TO_32_BIT_CONVERSION = YES;
				GCC_WARN_ABOUT_RETURN_TYPE = YES_ERROR;
				GCC_WARN_UNDECLARED_SELECTOR = YES;
				GCC_WARN_UNINITIALIZED_AUTOS = YES_AGGRESSIVE;
				GCC_WARN_UNUSED_FUNCTION = YES;
				GCC_WARN_UNUSED_VARIABLE = YES;
				IPHONEOS_DEPLOYMENT_TARGET = 15.2;
				MTL_ENABLE_DEBUG_INFO = INCLUDE_SOURCE;
				MTL_FAST_MATH = YES;
				ONLY_ACTIVE_ARCH = YES;
				SDKROOT = iphoneos;
				SWIFT_ACTIVE_COMPILATION_CONDITIONS = DEBUG;
				SWIFT_OPTIMIZATION_LEVEL = "-Onone";
			};
			name = Debug;
		};
		4AB49F6127CF4E4100FA2A90 /* Release */ = {
			isa = XCBuildConfiguration;
			buildSettings = {
				ALWAYS_SEARCH_USER_PATHS = NO;
				CLANG_ANALYZER_NONNULL = YES;
				CLANG_ANALYZER_NUMBER_OBJECT_CONVERSION = YES_AGGRESSIVE;
				CLANG_CXX_LANGUAGE_STANDARD = "gnu++17";
				CLANG_CXX_LIBRARY = "libc++";
				CLANG_ENABLE_MODULES = YES;
				CLANG_ENABLE_OBJC_ARC = YES;
				CLANG_ENABLE_OBJC_WEAK = YES;
				CLANG_WARN_BLOCK_CAPTURE_AUTORELEASING = YES;
				CLANG_WARN_BOOL_CONVERSION = YES;
				CLANG_WARN_COMMA = YES;
				CLANG_WARN_CONSTANT_CONVERSION = YES;
				CLANG_WARN_DEPRECATED_OBJC_IMPLEMENTATIONS = YES;
				CLANG_WARN_DIRECT_OBJC_ISA_USAGE = YES_ERROR;
				CLANG_WARN_DOCUMENTATION_COMMENTS = YES;
				CLANG_WARN_EMPTY_BODY = YES;
				CLANG_WARN_ENUM_CONVERSION = YES;
				CLANG_WARN_INFINITE_RECURSION = YES;
				CLANG_WARN_INT_CONVERSION = YES;
				CLANG_WARN_NON_LITERAL_NULL_CONVERSION = YES;
				CLANG_WARN_OBJC_IMPLICIT_RETAIN_SELF = YES;
				CLANG_WARN_OBJC_LITERAL_CONVERSION = YES;
				CLANG_WARN_OBJC_ROOT_CLASS = YES_ERROR;
				CLANG_WARN_QUOTED_INCLUDE_IN_FRAMEWORK_HEADER = YES;
				CLANG_WARN_RANGE_LOOP_ANALYSIS = YES;
				CLANG_WARN_STRICT_PROTOTYPES = YES;
				CLANG_WARN_SUSPICIOUS_MOVE = YES;
				CLANG_WARN_UNGUARDED_AVAILABILITY = YES_AGGRESSIVE;
				CLANG_WARN_UNREACHABLE_CODE = YES;
				CLANG_WARN__DUPLICATE_METHOD_MATCH = YES;
				COPY_PHASE_STRIP = NO;
				DEBUG_INFORMATION_FORMAT = "dwarf-with-dsym";
				ENABLE_NS_ASSERTIONS = NO;
				ENABLE_STRICT_OBJC_MSGSEND = YES;
				GCC_C_LANGUAGE_STANDARD = gnu11;
				GCC_NO_COMMON_BLOCKS = YES;
				GCC_WARN_64_TO_32_BIT_CONVERSION = YES;
				GCC_WARN_ABOUT_RETURN_TYPE = YES_ERROR;
				GCC_WARN_UNDECLARED_SELECTOR = YES;
				GCC_WARN_UNINITIALIZED_AUTOS = YES_AGGRESSIVE;
				GCC_WARN_UNUSED_FUNCTION = YES;
				GCC_WARN_UNUSED_VARIABLE = YES;
				IPHONEOS_DEPLOYMENT_TARGET = 15.2;
				MTL_ENABLE_DEBUG_INFO = NO;
				MTL_FAST_MATH = YES;
				SDKROOT = iphoneos;
				SWIFT_COMPILATION_MODE = wholemodule;
				SWIFT_OPTIMIZATION_LEVEL = "-O";
				VALIDATE_PRODUCT = YES;
			};
			name = Release;
		};
		4AB49F6327CF4E4100FA2A90 /* Debug */ = {
			isa = XCBuildConfiguration;
			baseConfigurationReference = 045AF5381153B4316AAB37DB /* Pods-Big Gainz.debug.xcconfig */;
			buildSettings = {
				ASSETCATALOG_COMPILER_APPICON_NAME = AppIcon;
				ASSETCATALOG_COMPILER_GLOBAL_ACCENT_COLOR_NAME = AccentColor;
				CODE_SIGN_STYLE = Automatic;
				CURRENT_PROJECT_VERSION = 1;
				DEVELOPMENT_ASSET_PATHS = "\"Big Gainz/Preview Content\"";
				DEVELOPMENT_TEAM = "";
				ENABLE_PREVIEWS = YES;
				GENERATE_INFOPLIST_FILE = YES;
				INFOPLIST_KEY_UIApplicationSceneManifest_Generation = YES;
				INFOPLIST_KEY_UIApplicationSupportsIndirectInputEvents = YES;
				INFOPLIST_KEY_UILaunchScreen_Generation = YES;
				INFOPLIST_KEY_UISupportedInterfaceOrientations_iPad = "UIInterfaceOrientationPortrait UIInterfaceOrientationPortraitUpsideDown UIInterfaceOrientationLandscapeLeft UIInterfaceOrientationLandscapeRight";
				INFOPLIST_KEY_UISupportedInterfaceOrientations_iPhone = "UIInterfaceOrientationPortrait UIInterfaceOrientationLandscapeLeft UIInterfaceOrientationLandscapeRight";
				LD_RUNPATH_SEARCH_PATHS = (
					"$(inherited)",
					"@executable_path/Frameworks",
				);
				MARKETING_VERSION = 1.0;
				PRODUCT_BUNDLE_IDENTIFIER = "jleong.Big-Gainz";
				PRODUCT_NAME = "$(TARGET_NAME)";
				SWIFT_EMIT_LOC_STRINGS = YES;
				SWIFT_VERSION = 5.0;
				TARGETED_DEVICE_FAMILY = "1,2";
			};
			name = Debug;
		};
		4AB49F6427CF4E4100FA2A90 /* Release */ = {
			isa = XCBuildConfiguration;
			baseConfigurationReference = 571A5D0FF6B7086B82E956CE /* Pods-Big Gainz.release.xcconfig */;
			buildSettings = {
				ASSETCATALOG_COMPILER_APPICON_NAME = AppIcon;
				ASSETCATALOG_COMPILER_GLOBAL_ACCENT_COLOR_NAME = AccentColor;
				CODE_SIGN_STYLE = Automatic;
				CURRENT_PROJECT_VERSION = 1;
				DEVELOPMENT_ASSET_PATHS = "\"Big Gainz/Preview Content\"";
				DEVELOPMENT_TEAM = "";
				ENABLE_PREVIEWS = YES;
				GENERATE_INFOPLIST_FILE = YES;
				INFOPLIST_KEY_UIApplicationSceneManifest_Generation = YES;
				INFOPLIST_KEY_UIApplicationSupportsIndirectInputEvents = YES;
				INFOPLIST_KEY_UILaunchScreen_Generation = YES;
				INFOPLIST_KEY_UISupportedInterfaceOrientations_iPad = "UIInterfaceOrientationPortrait UIInterfaceOrientationPortraitUpsideDown UIInterfaceOrientationLandscapeLeft UIInterfaceOrientationLandscapeRight";
				INFOPLIST_KEY_UISupportedInterfaceOrientations_iPhone = "UIInterfaceOrientationPortrait UIInterfaceOrientationLandscapeLeft UIInterfaceOrientationLandscapeRight";
				LD_RUNPATH_SEARCH_PATHS = (
					"$(inherited)",
					"@executable_path/Frameworks",
				);
				MARKETING_VERSION = 1.0;
				PRODUCT_BUNDLE_IDENTIFIER = "jleong.Big-Gainz";
				PRODUCT_NAME = "$(TARGET_NAME)";
				SWIFT_EMIT_LOC_STRINGS = YES;
				SWIFT_VERSION = 5.0;
				TARGETED_DEVICE_FAMILY = "1,2";
			};
			name = Release;
		};
		4AB49F6627CF4E4100FA2A90 /* Debug */ = {
			isa = XCBuildConfiguration;
			baseConfigurationReference = 4BCD43B6FF7EC054C9ABEF9B /* Pods-Big GainzTests.debug.xcconfig */;
			buildSettings = {
				ALWAYS_EMBED_SWIFT_STANDARD_LIBRARIES = YES;
				BUNDLE_LOADER = "$(TEST_HOST)";
				CODE_SIGN_STYLE = Automatic;
				CURRENT_PROJECT_VERSION = 1;
				GENERATE_INFOPLIST_FILE = YES;
				IPHONEOS_DEPLOYMENT_TARGET = 15.2;
				MARKETING_VERSION = 1.0;
				PRODUCT_BUNDLE_IDENTIFIER = "jleong.Big-GainzTests";
				PRODUCT_NAME = "$(TARGET_NAME)";
				SWIFT_EMIT_LOC_STRINGS = NO;
				SWIFT_VERSION = 5.0;
				TARGETED_DEVICE_FAMILY = "1,2";
				TEST_HOST = "$(BUILT_PRODUCTS_DIR)/Big Gainz.app/Big Gainz";
			};
			name = Debug;
		};
		4AB49F6727CF4E4100FA2A90 /* Release */ = {
			isa = XCBuildConfiguration;
			baseConfigurationReference = 0AABBC10AC75B9C15A92C191 /* Pods-Big GainzTests.release.xcconfig */;
			buildSettings = {
				ALWAYS_EMBED_SWIFT_STANDARD_LIBRARIES = YES;
				BUNDLE_LOADER = "$(TEST_HOST)";
				CODE_SIGN_STYLE = Automatic;
				CURRENT_PROJECT_VERSION = 1;
				GENERATE_INFOPLIST_FILE = YES;
				IPHONEOS_DEPLOYMENT_TARGET = 15.2;
				MARKETING_VERSION = 1.0;
				PRODUCT_BUNDLE_IDENTIFIER = "jleong.Big-GainzTests";
				PRODUCT_NAME = "$(TARGET_NAME)";
				SWIFT_EMIT_LOC_STRINGS = NO;
				SWIFT_VERSION = 5.0;
				TARGETED_DEVICE_FAMILY = "1,2";
				TEST_HOST = "$(BUILT_PRODUCTS_DIR)/Big Gainz.app/Big Gainz";
			};
			name = Release;
		};
		4AB49F6927CF4E4100FA2A90 /* Debug */ = {
			isa = XCBuildConfiguration;
			baseConfigurationReference = AC0C44B629EA8B2BFCF23664 /* Pods-Big Gainz-Big GainzUITests.debug.xcconfig */;
			buildSettings = {
				ALWAYS_EMBED_SWIFT_STANDARD_LIBRARIES = YES;
				CODE_SIGN_STYLE = Automatic;
				CURRENT_PROJECT_VERSION = 1;
				GENERATE_INFOPLIST_FILE = YES;
				MARKETING_VERSION = 1.0;
				PRODUCT_BUNDLE_IDENTIFIER = "jleong.Big-GainzUITests";
				PRODUCT_NAME = "$(TARGET_NAME)";
				SWIFT_EMIT_LOC_STRINGS = NO;
				SWIFT_VERSION = 5.0;
				TARGETED_DEVICE_FAMILY = "1,2";
				TEST_TARGET_NAME = "Big Gainz";
			};
			name = Debug;
		};
		4AB49F6A27CF4E4100FA2A90 /* Release */ = {
			isa = XCBuildConfiguration;
			baseConfigurationReference = 0F0F9D454E61CA64C24BE9F8 /* Pods-Big Gainz-Big GainzUITests.release.xcconfig */;
			buildSettings = {
				ALWAYS_EMBED_SWIFT_STANDARD_LIBRARIES = YES;
				CODE_SIGN_STYLE = Automatic;
				CURRENT_PROJECT_VERSION = 1;
				GENERATE_INFOPLIST_FILE = YES;
				MARKETING_VERSION = 1.0;
				PRODUCT_BUNDLE_IDENTIFIER = "jleong.Big-GainzUITests";
				PRODUCT_NAME = "$(TARGET_NAME)";
				SWIFT_EMIT_LOC_STRINGS = NO;
				SWIFT_VERSION = 5.0;
				TARGETED_DEVICE_FAMILY = "1,2";
				TEST_TARGET_NAME = "Big Gainz";
			};
			name = Release;
		};
/* End XCBuildConfiguration section */

/* Begin XCConfigurationList section */
		4AB49F3927CF4E3D00FA2A90 /* Build configuration list for PBXProject "Big Gainz" */ = {
			isa = XCConfigurationList;
			buildConfigurations = (
				4AB49F6027CF4E4100FA2A90 /* Debug */,
				4AB49F6127CF4E4100FA2A90 /* Release */,
			);
			defaultConfigurationIsVisible = 0;
			defaultConfigurationName = Release;
		};
		4AB49F6227CF4E4100FA2A90 /* Build configuration list for PBXNativeTarget "Big Gainz" */ = {
			isa = XCConfigurationList;
			buildConfigurations = (
				4AB49F6327CF4E4100FA2A90 /* Debug */,
				4AB49F6427CF4E4100FA2A90 /* Release */,
			);
			defaultConfigurationIsVisible = 0;
			defaultConfigurationName = Release;
		};
		4AB49F6527CF4E4100FA2A90 /* Build configuration list for PBXNativeTarget "Big GainzTests" */ = {
			isa = XCConfigurationList;
			buildConfigurations = (
				4AB49F6627CF4E4100FA2A90 /* Debug */,
				4AB49F6727CF4E4100FA2A90 /* Release */,
			);
			defaultConfigurationIsVisible = 0;
			defaultConfigurationName = Release;
		};
		4AB49F6827CF4E4100FA2A90 /* Build configuration list for PBXNativeTarget "Big GainzUITests" */ = {
			isa = XCConfigurationList;
			buildConfigurations = (
				4AB49F6927CF4E4100FA2A90 /* Debug */,
				4AB49F6A27CF4E4100FA2A90 /* Release */,
			);
			defaultConfigurationIsVisible = 0;
			defaultConfigurationName = Release;
		};
/* End XCConfigurationList section */
	};
	rootObject = 4AB49F3627CF4E3D00FA2A90 /* Project object */;
}
